
Microsoft Visual Studio Solution File, Format Version 12.00
# Visual Studio Version 17
VisualStudioVersion = 17.5.002.0
MinimumVisualStudioVersion = 10.0.40219.1
Project("{9A19103F-16F7-4668-BE54-9A1E7A4F7556}") = "Ex05", "Ex05.csproj", "{FA1DF06F-AC66-4214-8F55-4319E3C1AF95}"
EndProject
Global
	GlobalSection(SolutionConfigurationPlatforms) = preSolution
		Debug|Any CPU = Debug|Any CPU
		Release|Any CPU = Release|Any CPU
	EndGlobalSection
	GlobalSection(ProjectConfigurationPlatforms) = postSolution
		{FA1DF06F-AC66-4214-8F55-4319E3C1AF95}.Debug|Any CPU.ActiveCfg = Debug|Any CPU
		{FA1DF06F-AC66-4214-8F55-4319E3C1AF95}.Debug|Any CPU.Build.0 = Debug|Any CPU
		{FA1DF06F-AC66-4214-8F55-4319E3C1AF95}.Release|Any CPU.ActiveCfg = Release|Any CPU
		{FA1DF06F-AC66-4214-8F55-4319E3C1AF95}.Release|Any CPU.Build.0 = Release|Any CPU
	EndGlobalSection
	GlobalSection(SolutionProperties) = preSolution
		HideSolutionNode = FALSE
	EndGlobalSection
	GlobalSection(ExtensibilityGlobals) = postSolution
		SolutionGuid = {6FF01F96-9051-40B8-93AD-32287613A0DB}
	EndGlobalSection
EndGlobal
