
Microsoft Visual Studio Solution File, Format Version 12.00
# Visual Studio Version 17
VisualStudioVersion = 17.5.002.0
MinimumVisualStudioVersion = 10.0.40219.1
Project("{9A19103F-16F7-4668-BE54-9A1E7A4F7556}") = "Ex05", "Ex05.csproj", "{58680442-60FE-45BE-B4CB-64FACC3CB117}"
EndProject
Global
	GlobalSection(SolutionConfigurationPlatforms) = preSolution
		Debug|Any CPU = Debug|Any CPU
		Release|Any CPU = Release|Any CPU
	EndGlobalSection
	GlobalSection(ProjectConfigurationPlatforms) = postSolution
		{58680442-60FE-45BE-B4CB-64FACC3CB117}.Debug|Any CPU.ActiveCfg = Debug|Any CPU
		{58680442-60FE-45BE-B4CB-64FACC3CB117}.Debug|Any CPU.Build.0 = Debug|Any CPU
		{58680442-60FE-45BE-B4CB-64FACC3CB117}.Release|Any CPU.ActiveCfg = Release|Any CPU
		{58680442-60FE-45BE-B4CB-64FACC3CB117}.Release|Any CPU.Build.0 = Release|Any CPU
	EndGlobalSection
	GlobalSection(SolutionProperties) = preSolution
		HideSolutionNode = FALSE
	EndGlobalSection
	GlobalSection(ExtensibilityGlobals) = postSolution
		SolutionGuid = {1FAA7FE3-72C3-4EC2-8FCB-EB68AA37AF26}
	EndGlobalSection
EndGlobal
