
Microsoft Visual Studio Solution File, Format Version 12.00
# Visual Studio Version 17
VisualStudioVersion = 17.5.002.0
MinimumVisualStudioVersion = 10.0.40219.1
Project("{9A19103F-16F7-4668-BE54-9A1E7A4F7556}") = "Ex01", "Ex01.csproj", "{B6BDB1FB-627B-4BBE-B9E3-0E58C2D28A93}"
EndProject
Global
	GlobalSection(SolutionConfigurationPlatforms) = preSolution
		Debug|Any CPU = Debug|Any CPU
		Release|Any CPU = Release|Any CPU
	EndGlobalSection
	GlobalSection(ProjectConfigurationPlatforms) = postSolution
		{B6BDB1FB-627B-4BBE-B9E3-0E58C2D28A93}.Debug|Any CPU.ActiveCfg = Debug|Any CPU
		{B6BDB1FB-627B-4BBE-B9E3-0E58C2D28A93}.Debug|Any CPU.Build.0 = Debug|Any CPU
		{B6BDB1FB-627B-4BBE-B9E3-0E58C2D28A93}.Release|Any CPU.ActiveCfg = Release|Any CPU
		{B6BDB1FB-627B-4BBE-B9E3-0E58C2D28A93}.Release|Any CPU.Build.0 = Release|Any CPU
	EndGlobalSection
	GlobalSection(SolutionProperties) = preSolution
		HideSolutionNode = FALSE
	EndGlobalSection
	GlobalSection(ExtensibilityGlobals) = postSolution
		SolutionGuid = {564CDDAB-65D2-44A2-8611-1890D0A6A595}
	EndGlobalSection
EndGlobal
